
Microsoft Visual Studio Solution File, Format Version 12.00
# Visual Studio 15
VisualStudioVersion = 15.0.26430.14
MinimumVisualStudioVersion = 10.0.40219.1
Project("{FAE04EC0-301F-11D3-BF4B-00C04F79EFBC}") = "NeilApplication", "NeilApplication\NeilApplication.csproj", "{817E0062-647E-4A45-8A95-B1EC62B989CC}"
EndProject
Global
	GlobalSection(SolutionConfigurationPlatforms) = preSolution
		Debug|Any CPU = Debug|Any CPU
		Release|Any CPU = Release|Any CPU
	EndGlobalSection
	GlobalSection(ProjectConfigurationPlatforms) = postSolution
		{817E0062-647E-4A45-8A95-B1EC62B989CC}.Debug|Any CPU.ActiveCfg = Debug|Any CPU
		{817E0062-647E-4A45-8A95-B1EC62B989CC}.Debug|Any CPU.Build.0 = Debug|Any CPU
		{817E0062-647E-4A45-8A95-B1EC62B989CC}.Release|Any CPU.ActiveCfg = Release|Any CPU
		{817E0062-647E-4A45-8A95-B1EC62B989CC}.Release|Any CPU.Build.0 = Release|Any CPU
	EndGlobalSection
	GlobalSection(SolutionProperties) = preSolution
		HideSolutionNode = FALSE
	EndGlobalSection
EndGlobal
